Microsoft Visual Studio Solution File, Format Version 12.00
# Visual Studio Version 17
VisualStudioVersion = 17.5.2.0
MinimumVisualStudioVersion = 10.0.40219.1
Project("{FAE04EC0-301F-11D3-BF4B-00C04F79EFBC}") = "cShortner.Frontend", "cShortner.Frontend\cShortner.Frontend.csproj", "{B6372FD2-F57E-7113-57F2-4678BF7DE098}"
EndProject
Global
	GlobalSection(SolutionConfigurationPlatforms) = preSolution
		Debug|Any CPU = Debug|Any CPU
		Release|Any CPU = Release|Any CPU
	EndGlobalSection
	GlobalSection(ProjectConfigurationPlatforms) = postSolution
		{B6372FD2-F57E-7113-57F2-4678BF7DE098}.Debug|Any CPU.ActiveCfg = Debug|Any CPU
		{B6372FD2-F57E-7113-57F2-4678BF7DE098}.Debug|Any CPU.Build.0 = Debug|Any CPU
		{B6372FD2-F57E-7113-57F2-4678BF7DE098}.Release|Any CPU.ActiveCfg = Release|Any CPU
		{B6372FD2-F57E-7113-57F2-4678BF7DE098}.Release|Any CPU.Build.0 = Release|Any CPU
	EndGlobalSection
	GlobalSection(SolutionProperties) = preSolution
		HideSolutionNode = FALSE
	EndGlobalSection
	GlobalSection(ExtensibilityGlobals) = postSolution
		SolutionGuid = {6CFD985E-E2CD-4A82-86B4-BB8DFC58B9AD}
	EndGlobalSection
EndGlobal
